
Microsoft Visual Studio Solution File, Format Version 12.00
# Visual Studio Version 17
VisualStudioVersion = 17.2.32630.192
MinimumVisualStudioVersion = 10.0.40219.1
Project("{9A19103F-16F7-4668-BE54-9A1E7A4F7556}") = "Shopping.Client", "Shopping.Client\Shopping.Client.csproj", "{A7F06311-31DC-42D6-9FA7-C23DC6E434D4}"
EndProject
Project("{FAE04EC0-301F-11D3-BF4B-00C04F79EFBC}") = "Shopping.API", "Shopping.API\Shopping.API.csproj", "{71E496F7-7543-42AD-A8B7-5B03304413EE}"
EndProject
Global
	GlobalSection(SolutionConfigurationPlatforms) = preSolution
		Debug|Any CPU = Debug|Any CPU
		Release|Any CPU = Release|Any CPU
	EndGlobalSection
	GlobalSection(ProjectConfigurationPlatforms) = postSolution
		{A7F06311-31DC-42D6-9FA7-C23DC6E434D4}.Debug|Any CPU.ActiveCfg = Debug|Any CPU
		{A7F06311-31DC-42D6-9FA7-C23DC6E434D4}.Debug|Any CPU.Build.0 = Debug|Any CPU
		{A7F06311-31DC-42D6-9FA7-C23DC6E434D4}.Release|Any CPU.ActiveCfg = Release|Any CPU
		{A7F06311-31DC-42D6-9FA7-C23DC6E434D4}.Release|Any CPU.Build.0 = Release|Any CPU
		{71E496F7-7543-42AD-A8B7-5B03304413EE}.Debug|Any CPU.ActiveCfg = Debug|Any CPU
		{71E496F7-7543-42AD-A8B7-5B03304413EE}.Debug|Any CPU.Build.0 = Debug|Any CPU
		{71E496F7-7543-42AD-A8B7-5B03304413EE}.Release|Any CPU.ActiveCfg = Release|Any CPU
		{71E496F7-7543-42AD-A8B7-5B03304413EE}.Release|Any CPU.Build.0 = Release|Any CPU
	EndGlobalSection
	GlobalSection(SolutionProperties) = preSolution
		HideSolutionNode = FALSE
	EndGlobalSection
	GlobalSection(ExtensibilityGlobals) = postSolution
		SolutionGuid = {FC6B22AB-1632-4984-95FC-4554E0A5E632}
	EndGlobalSection
EndGlobal
